{
  "originHash" : "eac708237400744abdb00e4d0b1689cda209cd23b7242b24bc3511bf64fce3a2",
  "pins" : [
    {
      "identity" : "morespritekit",
      "kind" : "remoteSourceControl",
      "location" : "https://github.com/sanderfrenken/MoreSpriteKit",
      "state" : {
        "revision" : "32d1c0e82a5cdd20557617a95de107d9c2bbd7c3",
        "version" : "2.1.0"
      }
    }
  ],
  "version" : 3
}
