{
  "originHash" : "eac708237400744abdb00e4d0b1689cda209cd23b7242b24bc3511bf64fce3a2",
  "pins" : [
    {
      "identity" : "morespritekit",
      "kind" : "remoteSourceControl",
      "location" : "https://github.com/sanderfrenken/MoreSpriteKit",
      "state" : {
        "revision" : "b0fac620052bdd7137b4257d9828051fd7f830a4",
        "version" : "2.0.1"
      }
    }
  ],
  "version" : 3
}
