{
  "originHash" : "eac708237400744abdb00e4d0b1689cda209cd23b7242b24bc3511bf64fce3a2",
  "pins" : [
    {
      "identity" : "morespritekit",
      "kind" : "remoteSourceControl",
      "location" : "https://github.com/sanderfrenken/MoreSpriteKit",
      "state" : {
        "revision" : "bc199b25353bd80daae7b3dbd7f9e13612b00b7f",
        "version" : "1.0.0"
      }
    }
  ],
  "version" : 3
}
